
Microsoft Visual Studio Solution File, Format Version 12.00
# Visual Studio Version 17
VisualStudioVersion = 17.11.35327.3
MinimumVisualStudioVersion = 10.0.40219.1
Project("{FAE04EC0-301F-11D3-BF4B-00C04F79EFBC}") = "Git", "Git\Git.csproj", "{22B92E65-6D21-493D-B4F1-45BA73637542}"
EndProject
Global
	GlobalSection(SolutionConfigurationPlatforms) = preSolution
		Debug|Any CPU = Debug|Any CPU
		Release|Any CPU = Release|Any CPU
	EndGlobalSection
	GlobalSection(ProjectConfigurationPlatforms) = postSolution
		{22B92E65-6D21-493D-B4F1-45BA73637542}.Debug|Any CPU.ActiveCfg = Debug|Any CPU
		{22B92E65-6D21-493D-B4F1-45BA73637542}.Debug|Any CPU.Build.0 = Debug|Any CPU
		{22B92E65-6D21-493D-B4F1-45BA73637542}.Release|Any CPU.ActiveCfg = Release|Any CPU
		{22B92E65-6D21-493D-B4F1-45BA73637542}.Release|Any CPU.Build.0 = Release|Any CPU
	EndGlobalSection
	GlobalSection(SolutionProperties) = preSolution
		HideSolutionNode = FALSE
	EndGlobalSection
	GlobalSection(ExtensibilityGlobals) = postSolution
		SolutionGuid = {D0F1CF4C-8CAB-4060-B686-67E7E1105EE4}
	EndGlobalSection
EndGlobal
