
Microsoft Visual Studio Solution File, Format Version 12.00
# Visual Studio Version 16
VisualStudioVersion = 16.0.35130.168
MinimumVisualStudioVersion = 10.0.40219.1
Project("{FAE04EC0-301F-11D3-BF4B-00C04F79EFBC}") = "ejercicios", "ejercicios\ejercicios.csproj", "{2C7E14C1-0DF4-4B46-8352-387945FC66DF}"
EndProject
Global
	GlobalSection(SolutionConfigurationPlatforms) = preSolution
		Debug|Any CPU = Debug|Any CPU
		Release|Any CPU = Release|Any CPU
	EndGlobalSection
	GlobalSection(ProjectConfigurationPlatforms) = postSolution
		{2C7E14C1-0DF4-4B46-8352-387945FC66DF}.Debug|Any CPU.ActiveCfg = Debug|Any CPU
		{2C7E14C1-0DF4-4B46-8352-387945FC66DF}.Debug|Any CPU.Build.0 = Debug|Any CPU
		{2C7E14C1-0DF4-4B46-8352-387945FC66DF}.Release|Any CPU.ActiveCfg = Release|Any CPU
		{2C7E14C1-0DF4-4B46-8352-387945FC66DF}.Release|Any CPU.Build.0 = Release|Any CPU
	EndGlobalSection
	GlobalSection(SolutionProperties) = preSolution
		HideSolutionNode = FALSE
	EndGlobalSection
	GlobalSection(ExtensibilityGlobals) = postSolution
		SolutionGuid = {09FD6B2D-7934-4C01-A9D0-B12F3879A1E6}
	EndGlobalSection
EndGlobal
