
Microsoft Visual Studio Solution File, Format Version 12.00
# Visual Studio Version 16
VisualStudioVersion = 16.0.35130.168
MinimumVisualStudioVersion = 10.0.40219.1
Project("{FAE04EC0-301F-11D3-BF4B-00C04F79EFBC}") = "laboratorio2", "laboratorio2\laboratorio2.csproj", "{AB06E18B-82BB-48B3-8BF4-56E55EB564D0}"
EndProject
Global
	GlobalSection(SolutionConfigurationPlatforms) = preSolution
		Debug|Any CPU = Debug|Any CPU
		Release|Any CPU = Release|Any CPU
	EndGlobalSection
	GlobalSection(ProjectConfigurationPlatforms) = postSolution
		{AB06E18B-82BB-48B3-8BF4-56E55EB564D0}.Debug|Any CPU.ActiveCfg = Debug|Any CPU
		{AB06E18B-82BB-48B3-8BF4-56E55EB564D0}.Debug|Any CPU.Build.0 = Debug|Any CPU
		{AB06E18B-82BB-48B3-8BF4-56E55EB564D0}.Release|Any CPU.ActiveCfg = Release|Any CPU
		{AB06E18B-82BB-48B3-8BF4-56E55EB564D0}.Release|Any CPU.Build.0 = Release|Any CPU
	EndGlobalSection
	GlobalSection(SolutionProperties) = preSolution
		HideSolutionNode = FALSE
	EndGlobalSection
	GlobalSection(ExtensibilityGlobals) = postSolution
		SolutionGuid = {BDA9B345-1A7D-454F-978C-1AA68E3ED61A}
	EndGlobalSection
EndGlobal
